# This file is generated by running "yarn install" inside your project.
# Manual changes might be lost - proceed with caution!

__metadata:
  version: 10
  cacheKey: 10

"@babel/code-frame@npm:^7.0.0":
  version: 7.24.7
  resolution: "@babel/code-frame@npm:7.24.7"
  dependencies:
    "@babel/highlight": "npm:^7.24.7"
    picocolors: "npm:^1.0.0"
  checksum: 10/4812e94885ba7e3213d49583a155fdffb05292330f0a9b2c41b49288da70cf3c746a3fda0bf1074041a6d741c33f8d7be24be5e96f41ef77395eeddc5c9ff624
  languageName: node
  linkType: hard

"@babel/helper-validator-identifier@npm:^7.24.7":
  version: 7.24.7
  resolution: "@babel/helper-validator-identifier@npm:7.24.7"
  checksum: 10/86875063f57361471b531dbc2ea10bbf5406e12b06d249b03827d361db4cad2388c6f00936bcd9dc86479f7e2c69ea21412c2228d4b3672588b754b70a449d4b
  languageName: node
  linkType: hard

"@babel/highlight@npm:^7.24.7":
  version: 7.24.7
  resolution: "@babel/highlight@npm:7.24.7"
  dependencies:
    "@babel/helper-validator-identifier": "npm:^7.24.7"
    chalk: "npm:^2.4.2"
    js-tokens: "npm:^4.0.0"
    picocolors: "npm:^1.0.0"
  checksum: 10/69b73f38cdd4f881b09b939a711e76646da34f4834f4ce141d7a49a6bb1926eab1c594148970a8aa9360398dff800f63aade4e81fafdd7c8d8a8489ea93bfec1
  languageName: node
  linkType: hard

"@commitlint/cli@npm:21.1.0":
  version: 21.1.0
  resolution: "@commitlint/cli@npm:21.1.0"
  dependencies:
    "@commitlint/config-conventional": "npm:^21.1.0"
    "@commitlint/format": "npm:^21.1.0"
    "@commitlint/lint": "npm:^21.1.0"
    "@commitlint/load": "npm:^21.1.0"
    "@commitlint/read": "npm:^21.1.0"
    "@commitlint/types": "npm:^21.1.0"
    tinyexec: "npm:^1.0.0"
    yargs: "npm:^18.0.0"
  bin:
    commitlint: cli.js
  checksum: 10/dd9091243067a01831cc18d5b821ecde53c2460e9565e7e6a384b7aad6b3063a1b68a14f46680d4048dafda29dab824b540b65cf1214d8752dfe9ab58bc9c062
  languageName: node
  linkType: hard

"@commitlint/config-conventional@npm:21.1.0, @commitlint/config-conventional@npm:^21.1.0":
  version: 21.1.0
  resolution: "@commitlint/config-conventional@npm:21.1.0"
  dependencies:
    "@commitlint/types": "npm:^21.1.0"
    conventional-changelog-conventionalcommits: "npm:^9.2.0"
  checksum: 10/193e191d5445b995f229aa6b97e3f96702001d20e85253edbd3067d95a6567b3a367382bf7b728950412824f1dfdb958d71295caf14e23f84f336045c1e838d7
  languageName: node
  linkType: hard

"@commitlint/config-validator@npm:^21.1.0":
  version: 21.1.0
  resolution: "@commitlint/config-validator@npm:21.1.0"
  dependencies:
    "@commitlint/types": "npm:^21.1.0"
    ajv: "npm:^8.11.0"
  checksum: 10/08f9a19b96e0377edf4ac5e727958425d175a804b504945ab067f0318b65e5c4dad1163b04a4256567b549498439d2859d889d3a8526a09e86c97b3fab019faf
  languageName: node
  linkType: hard

"@commitlint/ensure@npm:^21.1.0":
  version: 21.1.0
  resolution: "@commitlint/ensure@npm:21.1.0"
  dependencies:
    "@commitlint/types": "npm:^21.1.0"
    es-toolkit: "npm:^1.46.0"
  checksum: 10/9e2008028b1e9c449116135baf230802d395c15b2af8140eaa08158789dcb98f7831828a04838b41a125910322b04127b4d04a3fa301253f5be7f100cc480bf3
  languageName: node
  linkType: hard

"@commitlint/execute-rule@npm:^21.0.1":
  version: 21.0.1
  resolution: "@commitlint/execute-rule@npm:21.0.1"
  checksum: 10/95ac27ae4920db0bd6d3c403ba396ab8dec425ddd0f9c033de911f1702f8f6c1a4099cfc3684803120537826a89467e0ec615f577ab65cd7fad2d0fef3accde2
  languageName: node
  linkType: hard

"@commitlint/format@npm:^21.1.0":
  version: 21.1.0
  resolution: "@commitlint/format@npm:21.1.0"
  dependencies:
    "@commitlint/types": "npm:^21.1.0"
    picocolors: "npm:^1.1.1"
  checksum: 10/da1ae8fdd23885769c149fc3474aeeea8251ce5c43f86e926f2f07d4ae5496048687cf18582772e2b2796e223c9b7ce57e9ee20a68576e05d68c9376eb8d2c86
  languageName: node
  linkType: hard

"@commitlint/is-ignored@npm:^21.1.0":
  version: 21.1.0
  resolution: "@commitlint/is-ignored@npm:21.1.0"
  dependencies:
    "@commitlint/types": "npm:^21.1.0"
    semver: "npm:^7.6.0"
  checksum: 10/d3ad1aad0e1eca502aa3dd8582bdfb55d4301068629323546e4f9369903f9535fc570c7acd003d44aa783ac07340ebbc22ccf8ed769c68133eedf203a957c1d7
  languageName: node
  linkType: hard

"@commitlint/lint@npm:^21.1.0":
  version: 21.1.0
  resolution: "@commitlint/lint@npm:21.1.0"
  dependencies:
    "@commitlint/is-ignored": "npm:^21.1.0"
    "@commitlint/parse": "npm:^21.1.0"
    "@commitlint/rules": "npm:^21.1.0"
    "@commitlint/types": "npm:^21.1.0"
  checksum: 10/d05299b6bd638dee652d88d5a22efdfc1716ae248f823d2499915c9aa3bcfd09f2bef2b70fbe82b06101d527b61bb7826e606ad3dd1e6017d62f91a05729556a
  languageName: node
  linkType: hard

"@commitlint/load@npm:^21.1.0":
  version: 21.1.0
  resolution: "@commitlint/load@npm:21.1.0"
  dependencies:
    "@commitlint/config-validator": "npm:^21.1.0"
    "@commitlint/execute-rule": "npm:^21.0.1"
    "@commitlint/resolve-extends": "npm:^21.1.0"
    "@commitlint/types": "npm:^21.1.0"
    cosmiconfig: "npm:^9.0.1"
    cosmiconfig-typescript-loader: "npm:^6.1.0"
    es-toolkit: "npm:^1.46.0"
    is-plain-obj: "npm:^4.1.0"
    picocolors: "npm:^1.1.1"
  checksum: 10/8ea8455fa901ee10838786296a4da05071219a40c81d3309f3bcd7ad21a12cde79b0d7b1f93a1b3cbd9fe509cc4e34d1f5b882968d28679e48305edb058ae5e2
  languageName: node
  linkType: hard

"@commitlint/message@npm:^21.0.2":
  version: 21.0.2
  resolution: "@commitlint/message@npm:21.0.2"
  checksum: 10/316ea1dabbdc51accb9a247cf18d9820c62d9de0b15a93c66bd840a78ff60bdfa118e729e993a93de4a4b8b4b0595ff6aeb0f22ccf0ef303b9d80dbedaa8f02e
  languageName: node
  linkType: hard

"@commitlint/parse@npm:^21.1.0":
  version: 21.1.0
  resolution: "@commitlint/parse@npm:21.1.0"
  dependencies:
    "@commitlint/types": "npm:^21.1.0"
    conventional-changelog-angular: "npm:^8.2.0"
    conventional-commits-parser: "npm:^6.3.0"
  checksum: 10/828d82881397f24fcde20c82d4590f4cea30bccf067d5a4bb9a642a6b95136a8b017151fdcf96b1eeec31a2ee1163b48bdf57b40e8f91dae3a3de7f932f00e30
  languageName: node
  linkType: hard

"@commitlint/read@npm:^21.1.0":
  version: 21.1.0
  resolution: "@commitlint/read@npm:21.1.0"
  dependencies:
    "@commitlint/top-level": "npm:^21.0.2"
    "@commitlint/types": "npm:^21.1.0"
    git-raw-commits: "npm:^5.0.0"
    tinyexec: "npm:^1.0.0"
  checksum: 10/fde3fd91d6c4ddf8ff6aa5ff1f85bd9cd8f89b614f597f4476f63f4fad128e987e7889e3c6914e04b2e01d15adb4477f655495552f7216525ed68634c6b104f7
  languageName: node
  linkType: hard

"@commitlint/resolve-extends@npm:^21.1.0":
  version: 21.1.0
  resolution: "@commitlint/resolve-extends@npm:21.1.0"
  dependencies:
    "@commitlint/config-validator": "npm:^21.1.0"
    "@commitlint/types": "npm:^21.1.0"
    es-toolkit: "npm:^1.46.0"
    global-directory: "npm:^5.0.0"
    resolve-from: "npm:^5.0.0"
  checksum: 10/11523dcd92099515b416db53ac6e67c40dbf3b18c5497691efd076f9f5edd80dd27c35de248a9ba693ca0d5d2efa9a8e4eece261b82c2ceb0339f0aff4b61fb8
  languageName: node
  linkType: hard

"@commitlint/rules@npm:^21.1.0":
  version: 21.1.0
  resolution: "@commitlint/rules@npm:21.1.0"
  dependencies:
    "@commitlint/ensure": "npm:^21.1.0"
    "@commitlint/message": "npm:^21.0.2"
    "@commitlint/to-lines": "npm:^21.0.1"
    "@commitlint/types": "npm:^21.1.0"
  checksum: 10/cb45e110c9a6dd43c574d8ac9f41624b15155fb55e8a491e13fc49b7dfe4474414714d94978e2a2139d2a1eebf5b8238dc3cb14acb5528a591cdebc5ffe31a3b
  languageName: node
  linkType: hard

"@commitlint/to-lines@npm:^21.0.1":
  version: 21.0.1
  resolution: "@commitlint/to-lines@npm:21.0.1"
  checksum: 10/4b4c432e547e687735d853ab23c629c03926311d3b1ae21d289e54d05ba4677123ccc5e382c94d289044d24d3c789e2cf56cf98e3458475524473b887f0a1f2c
  languageName: node
  linkType: hard

"@commitlint/top-level@npm:^21.0.2":
  version: 21.0.2
  resolution: "@commitlint/top-level@npm:21.0.2"
  dependencies:
    escalade: "npm:^3.2.0"
  checksum: 10/06725debfecda806bbe300247771daabcd2326e094dd0c4ac2c728ea1ac7703645b8960de68975a295258267bdbb29a1dc48c7b07a9c98759f73bb58f249dd03
  languageName: node
  linkType: hard

"@commitlint/types@npm:^21.1.0":
  version: 21.1.0
  resolution: "@commitlint/types@npm:21.1.0"
  dependencies:
    conventional-commits-parser: "npm:^6.3.0"
    picocolors: "npm:^1.1.1"
  checksum: 10/f2ce1870beaaa2de74278ea7a526844623da4c6a7d12dd39a42a2eba451b9c85a397100908eb7f4746efa1e6748fd97fb705ce8dfb99f7ef52a464e70b2b07a9
  languageName: node
  linkType: hard

"@conventional-changelog/git-client@npm:^2.6.0":
  version: 2.6.0
  resolution: "@conventional-changelog/git-client@npm:2.6.0"
  dependencies:
    "@simple-libs/child-process-utils": "npm:^1.0.0"
    "@simple-libs/stream-utils": "npm:^1.2.0"
    semver: "npm:^7.5.2"
  peerDependencies:
    conventional-commits-filter: ^5.0.0
    conventional-commits-parser: ^6.3.0
  peerDependenciesMeta:
    conventional-commits-filter:
      optional: true
    conventional-commits-parser:
      optional: true
  checksum: 10/20886451e594ecf569351806be05764a24310bd90bdbb428bbef5208f4e6499966dc2014a35b1aa66ff8c4cd08cd5a43e3b35d70b607cda813de0915a85780e9
  languageName: node
  linkType: hard

"@simple-libs/child-process-utils@npm:^1.0.0":
  version: 1.0.2
  resolution: "@simple-libs/child-process-utils@npm:1.0.2"
  dependencies:
    "@simple-libs/stream-utils": "npm:^1.2.0"
  checksum: 10/87c6db43110cad05dad892e46922b60740ce94742e1ef48190246a5fb4a0302a18a698a5b1b959b89f4d1e53767a310d0c9c9583ba48d2dbe93340fc5e0820f8
  languageName: node
  linkType: hard

"@simple-libs/stream-utils@npm:^1.2.0":
  version: 1.2.0
  resolution: "@simple-libs/stream-utils@npm:1.2.0"
  checksum: 10/80a2602f0e96515cab1f4ab054dccd0ee570b0a0b1722189d29fe2625e96a63b83c87486259268101b8b15a77a129aaca22bf480cf111e0910650af0820d26ee
  languageName: node
  linkType: hard

"ajv@npm:^8.11.0":
  version: 8.16.0
  resolution: "ajv@npm:8.16.0"
  dependencies:
    fast-deep-equal: "npm:^3.1.3"
    json-schema-traverse: "npm:^1.0.0"
    require-from-string: "npm:^2.0.2"
    uri-js: "npm:^4.4.1"
  checksum: 10/9b4b380efaf8be2639736d535662bd142a6972b43075b404380165c37ab6ceb72f01c7c987536747ff3e9e21eb5cd2e2a194f1e0fa8355364ea6204b1262fcd1
  languageName: node
  linkType: hard

"ansi-regex@npm:^6.2.2":
  version: 6.2.2
  resolution: "ansi-regex@npm:6.2.2"
  checksum: 10/9b17ce2c6daecc75bcd5966b9ad672c23b184dc3ed9bf3c98a0702f0d2f736c15c10d461913568f2cf527a5e64291c7473358885dd493305c84a1cfed66ba94f
  languageName: node
  linkType: hard

"ansi-styles@npm:^3.2.1":
  version: 3.2.1
  resolution: "ansi-styles@npm:3.2.1"
  dependencies:
    color-convert: "npm:^1.9.0"
  checksum: 10/d85ade01c10e5dd77b6c89f34ed7531da5830d2cb5882c645f330079975b716438cd7ebb81d0d6e6b4f9c577f19ae41ab55f07f19786b02f9dfd9e0377395665
  languageName: node
  linkType: hard

"ansi-styles@npm:^6.2.1":
  version: 6.2.3
  resolution: "ansi-styles@npm:6.2.3"
  checksum: 10/c49dad7639f3e48859bd51824c93b9eb0db628afc243c51c3dd2410c4a15ede1a83881c6c7341aa2b159c4f90c11befb38f2ba848c07c66c9f9de4bcd7cb9f30
  languageName: node
  linkType: hard

"argparse@npm:^2.0.1":
  version: 2.0.1
  resolution: "argparse@npm:2.0.1"
  checksum: 10/18640244e641a417ec75a9bd38b0b2b6b95af5199aa241b131d4b2fb206f334d7ecc600bd194861610a5579084978bfcbb02baa399dbe442d56d0ae5e60dbaef
  languageName: node
  linkType: hard

"array-ify@npm:^1.0.0":
  version: 1.0.0
  resolution: "array-ify@npm:1.0.0"
  checksum: 10/c0502015b319c93dd4484f18036bcc4b654eb76a4aa1f04afbcef11ac918859bb1f5d71ba1f0f1141770db9eef1a4f40f1761753650873068010bbf7bcdae4a4
  languageName: node
  linkType: hard

"callsites@npm:^3.0.0":
  version: 3.1.0
  resolution: "callsites@npm:3.1.0"
  checksum: 10/072d17b6abb459c2ba96598918b55868af677154bec7e73d222ef95a8fdb9bbf7dae96a8421085cdad8cd190d86653b5b6dc55a4484f2e5b2e27d5e0c3fc15b3
  languageName: node
  linkType: hard

"chalk@npm:^2.4.2":
  version: 2.4.2
  resolution: "chalk@npm:2.4.2"
  dependencies:
    ansi-styles: "npm:^3.2.1"
    escape-string-regexp: "npm:^1.0.5"
    supports-color: "npm:^5.3.0"
  checksum: 10/3d1d103433166f6bfe82ac75724951b33769675252d8417317363ef9d54699b7c3b2d46671b772b893a8e50c3ece70c4b933c73c01e81bc60ea4df9b55afa303
  languageName: node
  linkType: hard

"cliui@npm:^9.0.1":
  version: 9.0.1
  resolution: "cliui@npm:9.0.1"
  dependencies:
    string-width: "npm:^7.2.0"
    strip-ansi: "npm:^7.1.0"
    wrap-ansi: "npm:^9.0.0"
  checksum: 10/df43d8d1c6e3254cbb64b1905310d5f6672c595496a3cbe76946c6d24777136886470686f2772ac9edfe547a74bb70e8017530b3554715aee119efd7752fc0d9
  languageName: node
  linkType: hard

"color-convert@npm:^1.9.0":
  version: 1.9.3
  resolution: "color-convert@npm:1.9.3"
  dependencies:
    color-name: "npm:1.1.3"
  checksum: 10/ffa319025045f2973919d155f25e7c00d08836b6b33ea2d205418c59bd63a665d713c52d9737a9e0fe467fb194b40fbef1d849bae80d674568ee220a31ef3d10
  languageName: node
  linkType: hard

"color-name@npm:1.1.3":
  version: 1.1.3
  resolution: "color-name@npm:1.1.3"
  checksum: 10/09c5d3e33d2105850153b14466501f2bfb30324a2f76568a408763a3b7433b0e50e5b4ab1947868e65cb101bb7cb75029553f2c333b6d4b8138a73fcc133d69d
  languageName: node
  linkType: hard

"compare-func@npm:^2.0.0":
  version: 2.0.0
  resolution: "compare-func@npm:2.0.0"
  dependencies:
    array-ify: "npm:^1.0.0"
    dot-prop: "npm:^5.1.0"
  checksum: 10/fb71d70632baa1e93283cf9d80f30ac97f003aabee026e0b4426c9716678079ef5fea7519b84d012cbed938c476493866a38a79760564a9e21ae9433e40e6f0d
  languageName: node
  linkType: hard

"conventional-changelog-angular@npm:^8.2.0":
  version: 8.2.0
  resolution: "conventional-changelog-angular@npm:8.2.0"
  dependencies:
    compare-func: "npm:^2.0.0"
  checksum: 10/d40512899c87b5b07e48406190962f28ecc341a481565dda2e6e4e47f9766ef0dec94315f8a300caa7afedd73af87e7b339641d7f0b0e1e515a36ed417ab3c44
  languageName: node
  linkType: hard

"conventional-changelog-conventionalcommits@npm:^9.2.0":
  version: 9.2.0
  resolution: "conventional-changelog-conventionalcommits@npm:9.2.0"
  dependencies:
    compare-func: "npm:^2.0.0"
  checksum: 10/957c841ba9f1ed0ddc7601ca7d6a71cc13d90a9b6d4c347af8f0718febdade75d6cb693a674964a080213ede9b789773c1d225cad13dc6a553feeebe37d02e78
  languageName: node
  linkType: hard

"conventional-commits-parser@npm:^6.3.0":
  version: 6.3.0
  resolution: "conventional-commits-parser@npm:6.3.0"
  dependencies:
    "@simple-libs/stream-utils": "npm:^1.2.0"
    meow: "npm:^13.0.0"
  bin:
    conventional-commits-parser: dist/cli/index.js
  checksum: 10/e57ed66a739cf5c747d9c89594dbffb35572ad5d8324767416d8cfd9014aecbf0d0cc0f0f29e9d16595ec795dc868d83597b38275ab2667971ba6aba38d2fcb0
  languageName: node
  linkType: hard

"cosmiconfig-typescript-loader@npm:^6.1.0":
  version: 6.1.0
  resolution: "cosmiconfig-typescript-loader@npm:6.1.0"
  dependencies:
    jiti: "npm:^2.4.1"
  peerDependencies:
    "@types/node": "*"
    cosmiconfig: ">=9"
    typescript: ">=5"
  checksum: 10/e8b28b08759753c46a991e3d4db675480ea0081da9c098e426a89f4a12395e448c3090536d1ec1cb7adb5d7beb0ea266b7717053e3adbc283806a3b62339b68d
  languageName: node
  linkType: hard

"cosmiconfig@npm:^9.0.1":
  version: 9.0.1
  resolution: "cosmiconfig@npm:9.0.1"
  dependencies:
    env-paths: "npm:^2.2.1"
    import-fresh: "npm:^3.3.0"
    js-yaml: "npm:^4.1.0"
    parse-json: "npm:^5.2.0"
  peerDependencies:
    typescript: ">=4.9.5"
  peerDependenciesMeta:
    typescript:
      optional: true
  checksum: 10/89fcac84d062f0710091bb2d6a6175bcde22f5448877db9c43429694408191d3d4e215193b3ac4d54f7f89ef188d55cd481c7a2295b0dc572e65b528bf6fec01
  languageName: node
  linkType: hard

"dot-prop@npm:^5.1.0":
  version: 5.3.0
  resolution: "dot-prop@npm:5.3.0"
  dependencies:
    is-obj: "npm:^2.0.0"
  checksum: 10/33b2561617bd5c73cf9305368ba4638871c5dbf9c8100c8335acd2e2d590a81ec0e75c11cfaea5cc3cf8c2f668cad4beddb52c11856d0c9e666348eee1baf57a
  languageName: node
  linkType: hard

"emoji-regex@npm:^10.3.0":
  version: 10.6.0
  resolution: "emoji-regex@npm:10.6.0"
  checksum: 10/98cc0b0e1daed1ed25afbf69dcb921fee00f712f51aab93aa1547e4e4e8171725cc4f0098aaa645b4f611a19da11ec9f4623eb6ff2b72314b39a8f2ae7c12bf2
  languageName: node
  linkType: hard

"env-paths@npm:^2.2.1":
  version: 2.2.1
  resolution: "env-paths@npm:2.2.1"
  checksum: 10/65b5df55a8bab92229ab2b40dad3b387fad24613263d103a97f91c9fe43ceb21965cd3392b1ccb5d77088021e525c4e0481adb309625d0cb94ade1d1fb8dc17e
  languageName: node
  linkType: hard

"error-ex@npm:^1.3.1":
  version: 1.3.2
  resolution: "error-ex@npm:1.3.2"
  dependencies:
    is-arrayish: "npm:^0.2.1"
  checksum: 10/d547740aa29c34e753fb6fed2c5de81802438529c12b3673bd37b6bb1fe49b9b7abdc3c11e6062fe625d8a296b3cf769a80f878865e25e685f787763eede3ffb
  languageName: node
  linkType: hard

"es-toolkit@npm:^1.46.0":
  version: 1.46.1
  resolution: "es-toolkit@npm:1.46.1"
  dependenciesMeta:
    "@trivago/prettier-plugin-sort-imports@4.3.0":
      unplugged: true
    prettier-plugin-sort-re-exports@0.0.1:
      unplugged: true
  checksum: 10/15fa8e58848c3cf3f56b3fca6505362a7e19a6487613cd928197d11a12066010655ee47f74e5f412d949173f998df7ce7babcba9ff838bd40ce4ca79fca8f3c4
  languageName: node
  linkType: hard

"escalade@npm:^3.1.1":
  version: 3.1.2
  resolution: "escalade@npm:3.1.2"
  checksum: 10/a1e07fea2f15663c30e40b9193d658397846ffe28ce0a3e4da0d8e485fedfeca228ab846aee101a05015829adf39f9934ff45b2a3fca47bed37a29646bd05cd3
  languageName: node
  linkType: hard

"escalade@npm:^3.2.0":
  version: 3.2.0
  resolution: "escalade@npm:3.2.0"
  checksum: 10/9d7169e3965b2f9ae46971afa392f6e5a25545ea30f2e2dd99c9b0a95a3f52b5653681a84f5b2911a413ddad2d7a93d3514165072f349b5ffc59c75a899970d6
  languageName: node
  linkType: hard

"escape-string-regexp@npm:^1.0.5":
  version: 1.0.5
  resolution: "escape-string-regexp@npm:1.0.5"
  checksum: 10/6092fda75c63b110c706b6a9bfde8a612ad595b628f0bd2147eea1d3406723020810e591effc7db1da91d80a71a737a313567c5abb3813e8d9c71f4aa595b410
  languageName: node
  linkType: hard

"fast-deep-equal@npm:^3.1.3":
  version: 3.1.3
  resolution: "fast-deep-equal@npm:3.1.3"
  checksum: 10/e21a9d8d84f53493b6aa15efc9cfd53dd5b714a1f23f67fb5dc8f574af80df889b3bce25dc081887c6d25457cce704e636395333abad896ccdec03abaf1f3f9d
  languageName: node
  linkType: hard

"get-caller-file@npm:^2.0.5":
  version: 2.0.5
  resolution: "get-caller-file@npm:2.0.5"
  checksum: 10/b9769a836d2a98c3ee734a88ba712e62703f1df31b94b784762c433c27a386dd6029ff55c2a920c392e33657d80191edbf18c61487e198844844516f843496b9
  languageName: node
  linkType: hard

"get-east-asian-width@npm:^1.0.0":
  version: 1.6.0
  resolution: "get-east-asian-width@npm:1.6.0"
  checksum: 10/3e5370b5df1f0020db711d8a3f9ee2cbfc9c7542daa99a699e9d7b9acf66e7868b89084741565a45d30d80afedf6e1218e0fb8bef7a583924a449c2816777380
  languageName: node
  linkType: hard

"git-raw-commits@npm:^5.0.0":
  version: 5.0.1
  resolution: "git-raw-commits@npm:5.0.1"
  dependencies:
    "@conventional-changelog/git-client": "npm:^2.6.0"
    meow: "npm:^13.0.0"
  bin:
    git-raw-commits: src/cli.js
  checksum: 10/15073e815e6deabcaf28077ea93d8aad3b3062e6bff6a66e71e096c63cb0c6eb2a1e480be7dac9b99789c04bbf77805a0d555465457680e50946074ff408deb9
  languageName: node
  linkType: hard

"global-directory@npm:^5.0.0":
  version: 5.0.0
  resolution: "global-directory@npm:5.0.0"
  dependencies:
    ini: "npm:6.0.0"
  checksum: 10/90b61b09736a8c6fea010e87bf42cefefe534ce6d5c21c09ab9eb06edc0082dfc41edf0d31da5f7355e9a07eae9c5238d4ecc01ac425d8456cbce9bd1b292dc2
  languageName: node
  linkType: hard

"has-flag@npm:^3.0.0":
  version: 3.0.0
  resolution: "has-flag@npm:3.0.0"
  checksum: 10/4a15638b454bf086c8148979aae044dd6e39d63904cd452d970374fa6a87623423da485dfb814e7be882e05c096a7ccf1ebd48e7e7501d0208d8384ff4dea73b
  languageName: node
  linkType: hard

"import-fresh@npm:^3.3.0":
  version: 3.3.0
  resolution: "import-fresh@npm:3.3.0"
  dependencies:
    parent-module: "npm:^1.0.0"
    resolve-from: "npm:^4.0.0"
  checksum: 10/2cacfad06e652b1edc50be650f7ec3be08c5e5a6f6d12d035c440a42a8cc028e60a5b99ca08a77ab4d6b1346da7d971915828f33cdab730d3d42f08242d09baa
  languageName: node
  linkType: hard

"ini@npm:6.0.0":
  version: 6.0.0
  resolution: "ini@npm:6.0.0"
  checksum: 10/e87d8cde86d091ddb104580d42dfdc8306593627269990ca0f5176ccc60c936268bad56856398fef924cdf0af33b1a9c21e84f85914820037e003ee45443cc85
  languageName: node
  linkType: hard

"is-arrayish@npm:^0.2.1":
  version: 0.2.1
  resolution: "is-arrayish@npm:0.2.1"
  checksum: 10/73ced84fa35e59e2c57da2d01e12cd01479f381d7f122ce41dcbb713f09dbfc651315832cd2bf8accba7681a69e4d6f1e03941d94dd10040d415086360e7005e
  languageName: node
  linkType: hard

"is-obj@npm:^2.0.0":
  version: 2.0.0
  resolution: "is-obj@npm:2.0.0"
  checksum: 10/c9916ac8f4621962a42f5e80e7ffdb1d79a3fab7456ceaeea394cd9e0858d04f985a9ace45be44433bf605673c8be8810540fe4cc7f4266fc7526ced95af5a08
  languageName: node
  linkType: hard

"is-plain-obj@npm:^4.1.0":
  version: 4.1.0
  resolution: "is-plain-obj@npm:4.1.0"
  checksum: 10/6dc45da70d04a81f35c9310971e78a6a3c7a63547ef782e3a07ee3674695081b6ca4e977fbb8efc48dae3375e0b34558d2bcd722aec9bddfa2d7db5b041be8ce
  languageName: node
  linkType: hard

"jiti@npm:^2.4.1":
  version: 2.4.1
  resolution: "jiti@npm:2.4.1"
  bin:
    jiti: lib/jiti-cli.mjs
  checksum: 10/c05d3645ff4a88f5c52e33757dbae18737f6b51aa46631ed18cbf7741f2d997eb91ffd4249f61b47779d8ac1931d6539ec48dfdab8e1ca761cc160aa240d09f2
  languageName: node
  linkType: hard

"js-tokens@npm:^4.0.0":
  version: 4.0.0
  resolution: "js-tokens@npm:4.0.0"
  checksum: 10/af37d0d913fb56aec6dc0074c163cc71cd23c0b8aad5c2350747b6721d37ba118af35abdd8b33c47ec2800de07dedb16a527ca9c530ee004093e04958bd0cbf2
  languageName: node
  linkType: hard

"js-yaml@npm:^4.1.0":
  version: 4.1.1
  resolution: "js-yaml@npm:4.1.1"
  dependencies:
    argparse: "npm:^2.0.1"
  bin:
    js-yaml: bin/js-yaml.js
  checksum: 10/a52d0519f0f4ef5b4adc1cde466cb54c50d56e2b4a983b9d5c9c0f2f99462047007a6274d7e95617a21d3c91fde3ee6115536ed70991cd645ba8521058b78f77
  languageName: node
  linkType: hard

"json-parse-even-better-errors@npm:^2.3.0":
  version: 2.3.1
  resolution: "json-parse-even-better-errors@npm:2.3.1"
  checksum: 10/5f3a99009ed5f2a5a67d06e2f298cc97bc86d462034173308156f15b43a6e850be8511dc204b9b94566305da2947f7d90289657237d210351a39059ff9d666cf
  languageName: node
  linkType: hard

"json-schema-traverse@npm:^1.0.0":
  version: 1.0.0
  resolution: "json-schema-traverse@npm:1.0.0"
  checksum: 10/02f2f466cdb0362558b2f1fd5e15cce82ef55d60cd7f8fa828cf35ba74330f8d767fcae5c5c2adb7851fa811766c694b9405810879bc4e1ddd78a7c0e03658ad
  languageName: node
  linkType: hard

"lines-and-columns@npm:^1.1.6":
  version: 1.2.4
  resolution: "lines-and-columns@npm:1.2.4"
  checksum: 10/0c37f9f7fa212b38912b7145e1cd16a5f3cd34d782441c3e6ca653485d326f58b3caccda66efce1c5812bde4961bbde3374fae4b0d11bf1226152337f3894aa5
  languageName: node
  linkType: hard

"meow@npm:^13.0.0":
  version: 13.2.0
  resolution: "meow@npm:13.2.0"
  checksum: 10/4eff5bc921fed0b8a471ad79069d741a0210036d717547d0c7f36fdaf84ef7a3036225f38b6a53830d84dc9cbf8b944b097fde62381b8b5b215119e735ce1063
  languageName: node
  linkType: hard

"parent-module@npm:^1.0.0":
  version: 1.0.1
  resolution: "parent-module@npm:1.0.1"
  dependencies:
    callsites: "npm:^3.0.0"
  checksum: 10/6ba8b255145cae9470cf5551eb74be2d22281587af787a2626683a6c20fbb464978784661478dd2a3f1dad74d1e802d403e1b03c1a31fab310259eec8ac560ff
  languageName: node
  linkType: hard

"parse-json@npm:^5.2.0":
  version: 5.2.0
  resolution: "parse-json@npm:5.2.0"
  dependencies:
    "@babel/code-frame": "npm:^7.0.0"
    error-ex: "npm:^1.3.1"
    json-parse-even-better-errors: "npm:^2.3.0"
    lines-and-columns: "npm:^1.1.6"
  checksum: 10/62085b17d64da57f40f6afc2ac1f4d95def18c4323577e1eced571db75d9ab59b297d1d10582920f84b15985cbfc6b6d450ccbf317644cfa176f3ed982ad87e2
  languageName: node
  linkType: hard

"picocolors@npm:^1.0.0":
  version: 1.0.1
  resolution: "picocolors@npm:1.0.1"
  checksum: 10/fa68166d1f56009fc02a34cdfd112b0dd3cf1ef57667ac57281f714065558c01828cdf4f18600ad6851cbe0093952ed0660b1e0156bddf2184b6aaf5817553a5
  languageName: node
  linkType: hard

"picocolors@npm:^1.1.1":
  version: 1.1.1
  resolution: "picocolors@npm:1.1.1"
  checksum: 10/e1cf46bf84886c79055fdfa9dcb3e4711ad259949e3565154b004b260cd356c5d54b31a1437ce9782624bf766272fe6b0154f5f0c744fb7af5d454d2b60db045
  languageName: node
  linkType: hard

"prettier@npm:3.9.4":
  version: 3.9.4
  resolution: "prettier@npm:3.9.4"
  bin:
    prettier: bin/prettier.cjs
  checksum: 10/4a0dc4389d442f5aca0beb12778c90b6ceb9831940b01a1df5eba9150b5ce96fa52eda9074a10a370e732adc03e2f645597dfd8b7e3f1e94dee28df01004a0fd
  languageName: node
  linkType: hard

"punycode@npm:^2.1.0":
  version: 2.3.1
  resolution: "punycode@npm:2.3.1"
  checksum: 10/febdc4362bead22f9e2608ff0171713230b57aff9dddc1c273aa2a651fbd366f94b7d6a71d78342a7c0819906750351ca7f2edd26ea41b626d87d6a13d1bd059
  languageName: node
  linkType: hard

"require-from-string@npm:^2.0.2":
  version: 2.0.2
  resolution: "require-from-string@npm:2.0.2"
  checksum: 10/839a3a890102a658f4cb3e7b2aa13a1f80a3a976b512020c3d1efc418491c48a886b6e481ea56afc6c4cb5eef678f23b2a4e70575e7534eccadf5e30ed2e56eb
  languageName: node
  linkType: hard

"resolve-from@npm:^4.0.0":
  version: 4.0.0
  resolution: "resolve-from@npm:4.0.0"
  checksum: 10/91eb76ce83621eea7bbdd9b55121a5c1c4a39e54a9ce04a9ad4517f102f8b5131c2cf07622c738a6683991bf54f2ce178f5a42803ecbd527ddc5105f362cc9e3
  languageName: node
  linkType: hard

"resolve-from@npm:^5.0.0":
  version: 5.0.0
  resolution: "resolve-from@npm:5.0.0"
  checksum: 10/be18a5e4d76dd711778664829841cde690971d02b6cbae277735a09c1c28f407b99ef6ef3cd585a1e6546d4097b28df40ed32c4a287b9699dcf6d7f208495e23
  languageName: node
  linkType: hard

"root-workspace-0b6124@workspace:.":
  version: 0.0.0-use.local
  resolution: "root-workspace-0b6124@workspace:."
  dependencies:
    "@commitlint/cli": "npm:21.1.0"
    "@commitlint/config-conventional": "npm:21.1.0"
    prettier: "npm:3.9.4"
  languageName: unknown
  linkType: soft

"semver@npm:^7.5.2":
  version: 7.7.4
  resolution: "semver@npm:7.7.4"
  bin:
    semver: bin/semver.js
  checksum: 10/26bdc6d58b29528f4142d29afb8526bc335f4fc04c4a10f2b98b217f277a031c66736bf82d3d3bb354a2f6a3ae50f18fd62b053c4ac3f294a3d10a61f5075b75
  languageName: node
  linkType: hard

"semver@npm:^7.6.0":
  version: 7.6.2
  resolution: "semver@npm:7.6.2"
  bin:
    semver: bin/semver.js
  checksum: 10/296b17d027f57a87ef645e9c725bff4865a38dfc9caf29b26aa084b85820972fbe7372caea1ba6857162fa990702c6d9c1d82297cecb72d56c78ab29070d2ca2
  languageName: node
  linkType: hard

"string-width@npm:^7.0.0, string-width@npm:^7.2.0":
  version: 7.2.0
  resolution: "string-width@npm:7.2.0"
  dependencies:
    emoji-regex: "npm:^10.3.0"
    get-east-asian-width: "npm:^1.0.0"
    strip-ansi: "npm:^7.1.0"
  checksum: 10/42f9e82f61314904a81393f6ef75b832c39f39761797250de68c041d8ba4df2ef80db49ab6cd3a292923a6f0f409b8c9980d120f7d32c820b4a8a84a2598a295
  languageName: node
  linkType: hard

"strip-ansi@npm:^7.1.0":
  version: 7.2.0
  resolution: "strip-ansi@npm:7.2.0"
  dependencies:
    ansi-regex: "npm:^6.2.2"
  checksum: 10/96da3bc6d73cfba1218625a3d66cf7d37a69bf0920d8735b28f9eeaafcdb6c1fe8440e1ae9eb1ba0ca355dbe8702da872e105e2e939fa93e7851b3cb5dd7d316
  languageName: node
  linkType: hard

"supports-color@npm:^5.3.0":
  version: 5.5.0
  resolution: "supports-color@npm:5.5.0"
  dependencies:
    has-flag: "npm:^3.0.0"
  checksum: 10/5f505c6fa3c6e05873b43af096ddeb22159831597649881aeb8572d6fe3b81e798cc10840d0c9735e0026b250368851b7f77b65e84f4e4daa820a4f69947f55b
  languageName: node
  linkType: hard

"tinyexec@npm:^1.0.0":
  version: 1.0.1
  resolution: "tinyexec@npm:1.0.1"
  checksum: 10/1f3c3281912d4ab168e067baf46627bb85a803eba0bcea113bba9fe8bdfdcc279cad08052a600d4b8fb603dd57e1af0c500e50a5e7e6b29b2574c88556f41fa6
  languageName: node
  linkType: hard

"uri-js@npm:^4.4.1":
  version: 4.4.1
  resolution: "uri-js@npm:4.4.1"
  dependencies:
    punycode: "npm:^2.1.0"
  checksum: 10/b271ca7e3d46b7160222e3afa3e531505161c9a4e097febae9664e4b59912f4cbe94861361a4175edac3a03fee99d91e44b6a58c17a634bc5a664b19fc76fbcb
  languageName: node
  linkType: hard

"wrap-ansi@npm:^9.0.0":
  version: 9.0.2
  resolution: "wrap-ansi@npm:9.0.2"
  dependencies:
    ansi-styles: "npm:^6.2.1"
    string-width: "npm:^7.0.0"
    strip-ansi: "npm:^7.1.0"
  checksum: 10/f3907e1ea9717404ca53a338fa5a017c2121550c3a5305180e2bc08c03e21aa45068df55b0d7676bf57be1880ba51a84458c17241ebedea485fafa9ef16b4024
  languageName: node
  linkType: hard

"y18n@npm:^5.0.5":
  version: 5.0.8
  resolution: "y18n@npm:5.0.8"
  checksum: 10/5f1b5f95e3775de4514edbb142398a2c37849ccfaf04a015be5d75521e9629d3be29bd4432d23c57f37e5b61ade592fb0197022e9993f81a06a5afbdcda9346d
  languageName: node
  linkType: hard

"yargs-parser@npm:^22.0.0":
  version: 22.0.0
  resolution: "yargs-parser@npm:22.0.0"
  checksum: 10/f13c42bad6ebed1a587a72f2db5694f5fa772bcaf409a701691d13cf74eb5adfcf61a2611de08807e319b829d3e5e6e1578b16ebe174cae8e8be3bf7b8e7a19e
  languageName: node
  linkType: hard

"yargs@npm:^18.0.0":
  version: 18.0.0
  resolution: "yargs@npm:18.0.0"
  dependencies:
    cliui: "npm:^9.0.1"
    escalade: "npm:^3.1.1"
    get-caller-file: "npm:^2.0.5"
    string-width: "npm:^7.2.0"
    y18n: "npm:^5.0.5"
    yargs-parser: "npm:^22.0.0"
  checksum: 10/5af36234871390386b31cac99f00e79fcbc2ead858a61b30a8ca381c5fde5df8af0b407c36b000d3f774bcbe4aec5833f2f1c915f6ddc49ce97b78176b651801
  languageName: node
  linkType: hard
